
Microsoft Visual Studio Solution File, Format Version 12.00
# Visual Studio Version 16
VisualStudioVersion = 16.0.29806.167
MinimumVisualStudioVersion = 10.0.40219.1
Project("{FAE04EC0-301F-11D3-BF4B-00C04F79EFBC}") = "backend-authenticaton", "backend-authenticaton.csproj", "{C658711A-F4B9-4F0D-B9AA-055D72C1553F}"
EndProject
Global
	GlobalSection(SolutionConfigurationPlatforms) = preSolution
		Debug|Any CPU = Debug|Any CPU
		Release|Any CPU = Release|Any CPU
	EndGlobalSection
	GlobalSection(ProjectConfigurationPlatforms) = postSolution
		{C658711A-F4B9-4F0D-B9AA-055D72C1553F}.Debug|Any CPU.ActiveCfg = Debug|Any CPU
		{C658711A-F4B9-4F0D-B9AA-055D72C1553F}.Debug|Any CPU.Build.0 = Debug|Any CPU
		{C658711A-F4B9-4F0D-B9AA-055D72C1553F}.Release|Any CPU.ActiveCfg = Release|Any CPU
		{C658711A-F4B9-4F0D-B9AA-055D72C1553F}.Release|Any CPU.Build.0 = Release|Any CPU
	EndGlobalSection
	GlobalSection(SolutionProperties) = preSolution
		HideSolutionNode = FALSE
	EndGlobalSection
	GlobalSection(ExtensibilityGlobals) = postSolution
		SolutionGuid = {6F6FE3C6-F967-4B8C-BA35-1076C1211F46}
	EndGlobalSection
EndGlobal
